
Microsoft Visual Studio Solution File, Format Version 12.00
# Visual Studio Version 16
VisualStudioVersion = 16.0.31019.35
MinimumVisualStudioVersion = 10.0.40219.1
Project("{9A19103F-16F7-4668-BE54-9A1E7A4F7556}") = "IronPdfMin", "IronPdf\IronPdfMin.csproj", "{756EE4FB-29B0-4A68-9ACF-60D7386EF320}"
EndProject
Global
	GlobalSection(SolutionConfigurationPlatforms) = preSolution
		Debug|Any CPU = Debug|Any CPU
		Release|Any CPU = Release|Any CPU
	EndGlobalSection
	GlobalSection(ProjectConfigurationPlatforms) = postSolution
		{756EE4FB-29B0-4A68-9ACF-60D7386EF320}.Debug|Any CPU.ActiveCfg = Debug|Any CPU
		{756EE4FB-29B0-4A68-9ACF-60D7386EF320}.Debug|Any CPU.Build.0 = Debug|Any CPU
		{756EE4FB-29B0-4A68-9ACF-60D7386EF320}.Release|Any CPU.ActiveCfg = Release|Any CPU
		{756EE4FB-29B0-4A68-9ACF-60D7386EF320}.Release|Any CPU.Build.0 = Release|Any CPU
	EndGlobalSection
	GlobalSection(SolutionProperties) = preSolution
		HideSolutionNode = FALSE
	EndGlobalSection
	GlobalSection(ExtensibilityGlobals) = postSolution
		SolutionGuid = {79C2E2B2-F5E4-4F8D-A260-48AE95A71C83}
	EndGlobalSection
EndGlobal
